
Microsoft Visual Studio Solution File, Format Version 12.00
# Visual Studio Version 17
VisualStudioVersion = 17.4.33122.133
MinimumVisualStudioVersion = 10.0.40219.1
Project("{FAE04EC0-301F-11D3-BF4B-00C04F79EFBC}") = "screenproduct", "screenproduct.csproj", "{5FA248E5-D7EE-448F-B6BF-F7C55593ABC0}"
EndProject
Global
	GlobalSection(SolutionConfigurationPlatforms) = preSolution
		Debug|Any CPU = Debug|Any CPU
		Release|Any CPU = Release|Any CPU
	EndGlobalSection
	GlobalSection(ProjectConfigurationPlatforms) = postSolution
		{5FA248E5-D7EE-448F-B6BF-F7C55593ABC0}.Debug|Any CPU.ActiveCfg = Debug|Any CPU
		{5FA248E5-D7EE-448F-B6BF-F7C55593ABC0}.Debug|Any CPU.Build.0 = Debug|Any CPU
		{5FA248E5-D7EE-448F-B6BF-F7C55593ABC0}.Release|Any CPU.ActiveCfg = Release|Any CPU
		{5FA248E5-D7EE-448F-B6BF-F7C55593ABC0}.Release|Any CPU.Build.0 = Release|Any CPU
	EndGlobalSection
	GlobalSection(SolutionProperties) = preSolution
		HideSolutionNode = FALSE
	EndGlobalSection
	GlobalSection(ExtensibilityGlobals) = postSolution
		SolutionGuid = {47B7C82A-3ED4-4054-B326-20CF458315DA}
	EndGlobalSection
EndGlobal
